{
  "version": 1,
  "dependencies": {
    "net10.0": {
      "Microsoft.Extensions.DependencyInjection": {
        "type": "Direct",
        "requested": "[10.0.12, )",
        "resolved": "10.0.12",
        "contentHash": "lXyK2O5GoYvfxW8eCFcD16JFbcoSTM1sJkAM0UHS1jZyl9NYMW64Tqm6OQFT0IDBjZi+xHt95/Zg+nxZhGFhZg==",
        "dependencies": {
          "Microsoft.Extensions.DependencyInjection.Abstractions": "10.0.12"
        }
      },
      "Microsoft.Extensions.Logging": {
        "type": "Direct",
        "requested": "[10.0.12, )",
        "resolved": "10.0.12",
        "contentHash": "6I46fTPfgYkrjRYfRXbho9WOvOelTnNjWuZws/hzGHDASH1LEJeA4VKK9k3wJvido8o7jJSB5WkMTonX7HM1bA==",
        "dependencies": {
          "Microsoft.Extensions.DependencyInjection": "10.0.12",
          "Microsoft.Extensions.Logging.Abstractions": "10.0.12",
          "Microsoft.Extensions.Options": "10.0.12"
        }
      },
      "Microsoft.Extensions.Logging.Console": {
        "type": "Direct",
        "requested": "[10.0.12, )",
        "resolved": "10.0.12",
        "contentHash": "nHvaR8gO0CdEfG324KdUsP3Hqgdf1licZb+UlNh5pFYw7+o8QYTmiMgFmwayE/LPSpaqND/Qn3xHa1cI9b8x0w==",
        "dependencies": {
          "Microsoft.Extensions.DependencyInjection.Abstractions": "10.0.12",
          "Microsoft.Extensions.Logging": "10.0.12",
          "Microsoft.Extensions.Logging.Abstractions": "10.0.12",
          "Microsoft.Extensions.Logging.Configuration": "10.0.12",
          "Microsoft.Extensions.Options": "10.0.12"
        }
      },
      "Highs.Native": {
        "type": "Transitive",
        "resolved": "1.14.0",
        "contentHash": "6MqHvP4vR/Uqtn06RNiJwYeAacncm/YQpytl4RqBZbAyaJbK5zEqVi4acR2ZQsOWeZTRcXaNa0FjauRnpuOgOA=="
      },
      "IxMilia.Dxf": {
        "type": "Transitive",
        "resolved": "0.8.4",
        "contentHash": "NTrAnCKMgaY0Tm/C1++rp9i+JGHkXL9vy7LjEimeqTOZMRsnyVEvcKksoMsMDyevQArm2epOJc4v+EWP8tSiPg=="
      },
      "Microsoft.Database.ManagedEsent": {
        "type": "Transitive",
        "resolved": "2.0.3",
        "contentHash": "liyUzhHNir3ix0VKzeP08VuXDWGSyYQ/6y9lTUX2bhfh/AGs56tpS8Oj08ap+idb4FIZAwDfAbA7uARTj56CmA=="
      },
      "Microsoft.Extensions.Configuration": {
        "type": "Transitive",
        "resolved": "10.0.12",
        "contentHash": "e3IPP32CRNL031VZJAUTlCTG0YN7WFh4mN3fsSHTDQCJB+3+f0jGycv4fXk3rrftaY3B85XrQaj7sRthrOsavg==",
        "dependencies": {
          "Microsoft.Extensions.Configuration.Abstractions": "10.0.12",
          "Microsoft.Extensions.Primitives": "10.0.12"
        }
      },
      "Microsoft.Extensions.Configuration.Abstractions": {
        "type": "Transitive",
        "resolved": "10.0.12",
        "contentHash": "8xaGcvS/qZ1otoxPQCEJkNva389CVL/plNcvIETZhQTETYdRkYDPEYhUMoAGONo4FU45ufdfE0j29AfWVVj0wA==",
        "dependencies": {
          "Microsoft.Extensions.Primitives": "10.0.12"
        }
      },
      "Microsoft.Extensions.Configuration.Binder": {
        "type": "Transitive",
        "resolved": "10.0.12",
        "contentHash": "dAgIf1TOr8KLs+aBRIbXUZBjHoSH4rDG8+XkX/Q6AZwkQdMA0+yPDKTHsieeXdZDfpOpZVHzOnuAb5Z2nX3KsA==",
        "dependencies": {
          "Microsoft.Extensions.Configuration": "10.0.12",
          "Microsoft.Extensions.Configuration.Abstractions": "10.0.12"
        }
      },
      "Microsoft.Extensions.DependencyInjection.Abstractions": {
        "type": "Transitive",
        "resolved": "10.0.12",
        "contentHash": "9/qymSh7hVDMGTGwrLz8MRp5zRyXy9adGDOs4HwRdnLil3oZGYuWeZjbmHgCQ9BL1qBroVfgUK3U/nb61617Cw=="
      },
      "Microsoft.Extensions.Logging.Abstractions": {
        "type": "Transitive",
        "resolved": "10.0.12",
        "contentHash": "+24lC4plfbEDNfLAdTV/SWKS7dW+16X4HdydO3R++134kSNTzcbYA4KpR1Hdh6uWisB8Za3AzwyOn+K+NxWIug==",
        "dependencies": {
          "Microsoft.Extensions.DependencyInjection.Abstractions": "10.0.12"
        }
      },
      "Microsoft.Extensions.Logging.Configuration": {
        "type": "Transitive",
        "resolved": "10.0.12",
        "contentHash": "CLHWfKQZWFE6fSzRXfjd4UlGveckkfPtwx/p5yF/o3hEkMSzGsl7MSxNAkI19hjw0rprBqrQC09Dwy6Lh6kweA==",
        "dependencies": {
          "Microsoft.Extensions.Configuration": "10.0.12",
          "Microsoft.Extensions.Configuration.Abstractions": "10.0.12",
          "Microsoft.Extensions.Configuration.Binder": "10.0.12",
          "Microsoft.Extensions.DependencyInjection.Abstractions": "10.0.12",
          "Microsoft.Extensions.Logging": "10.0.12",
          "Microsoft.Extensions.Logging.Abstractions": "10.0.12",
          "Microsoft.Extensions.Options": "10.0.12",
          "Microsoft.Extensions.Options.ConfigurationExtensions": "10.0.12"
        }
      },
      "Microsoft.Extensions.Options": {
        "type": "Transitive",
        "resolved": "10.0.12",
        "contentHash": "TDYD33TSRpXKZWlmTXNlj5kCihxatmv2Ec1u6C+bMYLphCS7PoSLE9Pjd/nunDoE7yETk+LLKjVJX78HYtWjpA==",
        "dependencies": {
          "Microsoft.Extensions.DependencyInjection.Abstractions": "10.0.12",
          "Microsoft.Extensions.Primitives": "10.0.12"
        }
      },
      "Microsoft.Extensions.Options.ConfigurationExtensions": {
        "type": "Transitive",
        "resolved": "10.0.12",
        "contentHash": "rqpu4qj5WE9x1IHGXSIgHBKi7IUlQaHyp4aXCYIanG2OghlUMFZpZTgExaXwcvmLAJHsxKQWMPpc7D2WIbCVtA==",
        "dependencies": {
          "Microsoft.Extensions.Configuration.Abstractions": "10.0.12",
          "Microsoft.Extensions.Configuration.Binder": "10.0.12",
          "Microsoft.Extensions.DependencyInjection.Abstractions": "10.0.12",
          "Microsoft.Extensions.Options": "10.0.12",
          "Microsoft.Extensions.Primitives": "10.0.12"
        }
      },
      "Microsoft.Extensions.Primitives": {
        "type": "Transitive",
        "resolved": "10.0.12",
        "contentHash": "dYfCLR52UA+3DL7C4I/pvSaRPkNqxrUAQmbFL2u0zvYKKzqgrFCJl08Df+F1aYc8leu9JvpC9bsURUdpExcBXQ=="
      },
      "NetTopologySuite": {
        "type": "Transitive",
        "resolved": "2.6.0",
        "contentHash": "1B1OTacTd4QtFyBeuIOcThwSSLUdRZU3bSFIwM8vk36XiZlBMi3K36u74e4OqwwHRHUuJC1PhbDx4hyI266X1Q=="
      },
      "SixLabors.ImageSharp": {
        "type": "Transitive",
        "resolved": "3.1.12",
        "contentHash": "iAg6zifihXEFS/t7fiHhZBGAdCp3FavsF4i2ZIDp0JfeYeDVzvmlbY1CNhhIKimaIzrzSi5M/NBFcWvZT2rB/A=="
      },
      "Xbim.Common": {
        "type": "Transitive",
        "resolved": "6.0.587",
        "contentHash": "kAeETKbCsBVk9CASnnnztUH6Aa0dunPCm/UObdyVZTvHj3bHeLDru3obEm4uOy2Axv10wBy2flxoOYtVAZYCNQ==",
        "dependencies": {
          "Microsoft.Extensions.DependencyInjection": "8.0.0",
          "Microsoft.Extensions.Logging.Abstractions": "8.0.0"
        }
      },
      "Xbim.Essentials": {
        "type": "Transitive",
        "resolved": "6.0.587",
        "contentHash": "rWztxX8UDFQhtv9vkGxItsZvfZN+fVgxnTXzhLVpNNyFFwKgrQagUjFvdKW0w7P4GMiWdzQUgaLqHNra96CQuQ==",
        "dependencies": {
          "Xbim.Common": "6.0.587",
          "Xbim.IO.Esent": "6.0.587",
          "Xbim.IO.MemoryModel": "6.0.587",
          "Xbim.Ifc": "6.0.587",
          "Xbim.Ifc2x3": "6.0.587",
          "Xbim.Ifc4": "6.0.587",
          "Xbim.Ifc4x3": "6.0.587"
        }
      },
      "Xbim.Ifc": {
        "type": "Transitive",
        "resolved": "6.0.587",
        "contentHash": "AnUyOQBIu2KJnbrearpaQ02/eTLauZwlxaBMNzstbZ9kjeGD5ExlopFs5gWJftubDHGUjlnjEwrh0gfMJ9DN2Q==",
        "dependencies": {
          "Xbim.Common": "6.0.587",
          "Xbim.IO.Esent": "6.0.587",
          "Xbim.IO.MemoryModel": "6.0.587",
          "Xbim.Ifc2x3": "6.0.587",
          "Xbim.Ifc4": "6.0.587",
          "Xbim.Ifc4x3": "6.0.587"
        }
      },
      "Xbim.Ifc2x3": {
        "type": "Transitive",
        "resolved": "6.0.587",
        "contentHash": "70qJtac+RFCeL39o83eFDHKBOttz0NmVWtX0KFzZ/QJkRbjEN2Be2/h93qetwZyfhPNQw5Xis7/gGpD2NW6WAw==",
        "dependencies": {
          "Xbim.Common": "6.0.587",
          "Xbim.Ifc4": "6.0.587"
        }
      },
      "Xbim.Ifc4": {
        "type": "Transitive",
        "resolved": "6.0.587",
        "contentHash": "CT7+nawg/jcEsNA50IMIxhNpB7+HQ0fI4LY9iWW9hxNLn9QecEUWiiEbzlfZ070Ok6WiDh9UEzeNMmxeEI3cQg==",
        "dependencies": {
          "Xbim.Common": "6.0.587"
        }
      },
      "Xbim.Ifc4x3": {
        "type": "Transitive",
        "resolved": "6.0.587",
        "contentHash": "P/iLAKFQDEn5oQpkIIeYQ7hgTz7+E+rVFdBRaiFEBsGgpX0fMdlTyNYJHcSK2eeP/vgyC3lVtOnl0q/TOPP7WQ==",
        "dependencies": {
          "Xbim.Common": "6.0.587",
          "Xbim.Ifc4": "6.0.587"
        }
      },
      "Xbim.IO.Esent": {
        "type": "Transitive",
        "resolved": "6.0.587",
        "contentHash": "LWWEOZRPNwEgsoCZ1hR+JYCJpylMdM5U66qZiWVbGM4v3sGBXxmexGA26MDWfh+ws3ZCTTbdFXfjSoDcg73alw==",
        "dependencies": {
          "Microsoft.Database.ManagedEsent": "2.0.3",
          "Microsoft.Extensions.Options": "9.0.3",
          "Xbim.Common": "6.0.587",
          "Xbim.IO.MemoryModel": "6.0.587"
        }
      },
      "Xbim.IO.MemoryModel": {
        "type": "Transitive",
        "resolved": "6.0.587",
        "contentHash": "RjvOEmrZYDGSLK5H/o0e30iqhND3kxJ15malWiHIQ/nwz8HmqyDkmW/Kbube50LSMILYd5lU/TFZ3+C22qScjw==",
        "dependencies": {
          "Xbim.Common": "6.0.587",
          "Xbim.Ifc2x3": "6.0.587",
          "Xbim.Ifc4": "6.0.587",
          "Xbim.Ifc4x3": "6.0.587"
        }
      },
      "openrebar.application": {
        "type": "Project",
        "dependencies": {
          "Microsoft.Extensions.Logging.Abstractions": "[10.0.12, )",
          "OpenRebar.Domain": "[1.0.0, )"
        }
      },
      "openrebar.domain": {
        "type": "Project"
      },
      "openrebar.infrastructure": {
        "type": "Project",
        "dependencies": {
          "Highs.Native": "[1.14.0, )",
          "IxMilia.Dxf": "[0.8.4, )",
          "Microsoft.Extensions.DependencyInjection": "[10.0.12, )",
          "Microsoft.Extensions.DependencyInjection.Abstractions": "[10.0.12, )",
          "Microsoft.Extensions.Logging": "[10.0.12, )",
          "Microsoft.Extensions.Logging.Abstractions": "[10.0.12, )",
          "NetTopologySuite": "[2.6.0, )",
          "OpenRebar.Application": "[1.0.0, )",
          "OpenRebar.Domain": "[1.0.0, )",
          "SixLabors.ImageSharp": "[3.1.12, )",
          "Xbim.Essentials": "[6.0.587, )"
        }
      }
    }
  }
}