
Microsoft Visual Studio Solution File, Format Version 12.00
# Visual Studio Version 17
VisualStudioVersion = 17.12.0.0
MinimumVisualStudioVersion = 10.0.40219.1
Project("{FAE04EC0-301F-11D3-BF4B-00C04F79EFBC}") = "A101.Domain", "src\A101.Domain\A101.Domain.csproj", "{A1010001-0001-0001-0001-000000000001}"
EndProject
Project("{FAE04EC0-301F-11D3-BF4B-00C04F79EFBC}") = "A101.Application", "src\A101.Application\A101.Application.csproj", "{A1010001-0002-0001-0001-000000000001}"
EndProject
Project("{FAE04EC0-301F-11D3-BF4B-00C04F79EFBC}") = "A101.Infrastructure", "src\A101.Infrastructure\A101.Infrastructure.csproj", "{A1010001-0003-0001-0001-000000000001}"
EndProject
Project("{FAE04EC0-301F-11D3-BF4B-00C04F79EFBC}") = "A101.RevitPlugin", "src\A101.RevitPlugin\A101.RevitPlugin.csproj", "{A1010001-0004-0001-0001-000000000001}"
EndProject
Project("{FAE04EC0-301F-11D3-BF4B-00C04F79EFBC}") = "A101.Domain.Tests", "tests\A101.Domain.Tests\A101.Domain.Tests.csproj", "{A1010001-0001-0002-0001-000000000001}"
EndProject
Project("{FAE04EC0-301F-11D3-BF4B-00C04F79EFBC}") = "A101.Application.Tests", "tests\A101.Application.Tests\A101.Application.Tests.csproj", "{A1010001-0002-0002-0001-000000000001}"
EndProject
Project("{FAE04EC0-301F-11D3-BF4B-00C04F79EFBC}") = "A101.Infrastructure.Tests", "tests\A101.Infrastructure.Tests\A101.Infrastructure.Tests.csproj", "{A1010001-0003-0002-0001-000000000001}"
EndProject
Project("{2150E333-8FDC-42A3-9474-1A3956D46DE8}") = "src", "src", "{B0000001-0001-0001-0001-000000000001}"
EndProject
Project("{2150E333-8FDC-42A3-9474-1A3956D46DE8}") = "tests", "tests", "{B0000001-0002-0001-0001-000000000001}"
EndProject
Global
	GlobalSection(SolutionConfigurationPlatforms) = preSolution
		Debug|Any CPU = Debug|Any CPU
		Release|Any CPU = Release|Any CPU
	EndGlobalSection
	GlobalSection(ProjectConfigurationPlatforms) = postSolution
		{A1010001-0001-0001-0001-000000000001}.Debug|Any CPU.ActiveCfg = Debug|Any CPU
		{A1010001-0001-0001-0001-000000000001}.Debug|Any CPU.Build.0 = Debug|Any CPU
		{A1010001-0001-0001-0001-000000000001}.Release|Any CPU.ActiveCfg = Release|Any CPU
		{A1010001-0001-0001-0001-000000000001}.Release|Any CPU.Build.0 = Release|Any CPU
		{A1010001-0002-0001-0001-000000000001}.Debug|Any CPU.ActiveCfg = Debug|Any CPU
		{A1010001-0002-0001-0001-000000000001}.Debug|Any CPU.Build.0 = Debug|Any CPU
		{A1010001-0002-0001-0001-000000000001}.Release|Any CPU.ActiveCfg = Release|Any CPU
		{A1010001-0002-0001-0001-000000000001}.Release|Any CPU.Build.0 = Release|Any CPU
		{A1010001-0003-0001-0001-000000000001}.Debug|Any CPU.ActiveCfg = Debug|Any CPU
		{A1010001-0003-0001-0001-000000000001}.Debug|Any CPU.Build.0 = Debug|Any CPU
		{A1010001-0003-0001-0001-000000000001}.Release|Any CPU.ActiveCfg = Release|Any CPU
		{A1010001-0003-0001-0001-000000000001}.Release|Any CPU.Build.0 = Release|Any CPU
		{A1010001-0004-0001-0001-000000000001}.Debug|Any CPU.ActiveCfg = Debug|Any CPU
		{A1010001-0004-0001-0001-000000000001}.Debug|Any CPU.Build.0 = Debug|Any CPU
		{A1010001-0004-0001-0001-000000000001}.Release|Any CPU.ActiveCfg = Release|Any CPU
		{A1010001-0004-0001-0001-000000000001}.Release|Any CPU.Build.0 = Release|Any CPU
		{A1010001-0001-0002-0001-000000000001}.Debug|Any CPU.ActiveCfg = Debug|Any CPU
		{A1010001-0001-0002-0001-000000000001}.Debug|Any CPU.Build.0 = Debug|Any CPU
		{A1010001-0001-0002-0001-000000000001}.Release|Any CPU.ActiveCfg = Release|Any CPU
		{A1010001-0001-0002-0001-000000000001}.Release|Any CPU.Build.0 = Release|Any CPU
		{A1010001-0002-0002-0001-000000000001}.Debug|Any CPU.ActiveCfg = Debug|Any CPU
		{A1010001-0002-0002-0001-000000000001}.Debug|Any CPU.Build.0 = Debug|Any CPU
		{A1010001-0002-0002-0001-000000000001}.Release|Any CPU.ActiveCfg = Release|Any CPU
		{A1010001-0002-0002-0001-000000000001}.Release|Any CPU.Build.0 = Release|Any CPU
		{A1010001-0003-0002-0001-000000000001}.Debug|Any CPU.ActiveCfg = Debug|Any CPU
		{A1010001-0003-0002-0001-000000000001}.Debug|Any CPU.Build.0 = Debug|Any CPU
		{A1010001-0003-0002-0001-000000000001}.Release|Any CPU.ActiveCfg = Release|Any CPU
		{A1010001-0003-0002-0001-000000000001}.Release|Any CPU.Build.0 = Release|Any CPU
	EndGlobalSection
	GlobalSection(NestedProjects) = preSolution
		{A1010001-0001-0001-0001-000000000001} = {B0000001-0001-0001-0001-000000000001}
		{A1010001-0002-0001-0001-000000000001} = {B0000001-0001-0001-0001-000000000001}
		{A1010001-0003-0001-0001-000000000001} = {B0000001-0001-0001-0001-000000000001}
		{A1010001-0004-0001-0001-000000000001} = {B0000001-0001-0001-0001-000000000001}
		{A1010001-0001-0002-0001-000000000001} = {B0000001-0002-0001-0001-000000000001}
		{A1010001-0002-0002-0001-000000000001} = {B0000001-0002-0001-0001-000000000001}
		{A1010001-0003-0002-0001-000000000001} = {B0000001-0002-0001-0001-000000000001}
	EndGlobalSection
EndGlobal
